github.com/Narasimha1997/ratelimiter v1.1.1 h1:ndkK0dHqUKdwSElE8Kghz+0gVcGEa9q6/CisEL/h6HU=
github.com/Narasimha1997/ratelimiter v1.1.1/go.mod h1:TCsPmcx5vkQJu64sbTLRcr8xpNNmO22OTnvhfXEWoNw=
github.com/caio/go-tdigest/v4 v4.0.1 h1:sx4ZxjmIEcLROUPs2j1BGe2WhOtHD6VSe6NNbBdKYh4=
github.com/caio/go-tdigest/v4 v4.0.1/go.mod h1:Wsa+f0EZnV2gShdj1adgl0tQSoXRxtM0QioTgukFw8U=
github.com/eapache/queue v1.1.0 h1:YOEu7KNc61ntiQlcEeUIoDTJ2o8mQznoNvUhiigpIqc=
github.com/eapache/queue v1.1.0/go.mod h1:6eCeP0CKFpHLu8blIFXhExK/dRa7WDZfr6jVFPTqq+I=
github.com/google/uuid v1.3.0 h1:t6JiXgmwXMjEs8VusXIJk2BXHsn+wx8BZdTaoZ5fu7I=
github.com/google/uuid v1.3.0/go.mod h1:TIyPZe4MgqvfeYDBFedMoGGpEw/LqOeaOT+nhxU+yHo=
github.com/leesper/go_rng v0.0.0-20190531154944-a612b043e353 h1:X/79QL0b4YJVO5+OsPH9rF2u428CIrGL/jLmPsoOQQ4=
gonum.org/v1/gonum v0.11.0 h1:f1IJhK4Km5tBJmaiJXtk/PkL4cdVX6J+tGiM187uT5E=
